// !$*UTF8*$!
{
	archiveVersion = 1;
	classes = {
	};
	objectVersion = 46;
	objects = {

/* Begin PBXBuildFile section */
		D29DBCC91B9DE5D400FB3F30 /* main.m in Sources */ = {isa = PBXBuildFile; fileRef = D29DBCC81B9DE5D400FB3F30 /* main.m */; };
		D29DBCCC1B9DE5D400FB3F30 /* AppDelegate.m in Sources */ = {isa = PBXBuildFile; fileRef = D29DBCCB1B9DE5D400FB3F30 /* AppDelegate.m */; };
		D29DBCCF1B9DE5D400FB3F30 /* Fetch2Entities.xcdatamodeld in Sources */ = {isa = PBXBuildFile; fileRef = D29DBCCD1B9DE5D400FB3F30 /* Fetch2Entities.xcdatamodeld */; };
		D29DBCD21B9DE5D400FB3F30 /* MasterViewController.m in Sources */ = {isa = PBXBuildFile; fileRef = D29DBCD11B9DE5D400FB3F30 /* MasterViewController.m */; };
		D29DBCD51B9DE5D400FB3F30 /* DetailViewController.m in Sources */ = {isa = PBXBuildFile; fileRef = D29DBCD41B9DE5D400FB3F30 /* DetailViewController.m */; };
		D29DBCD81B9DE5D400FB3F30 /* Main.storyboard in Resources */ = {isa = PBXBuildFile; fileRef = D29DBCD61B9DE5D400FB3F30 /* Main.storyboard */; };
		D29DBCDA1B9DE5D400FB3F30 /* Images.xcassets in Resources */ = {isa = PBXBuildFile; fileRef = D29DBCD91B9DE5D400FB3F30 /* Images.xcassets */; };
		D29DBCDD1B9DE5D400FB3F30 /* LaunchScreen.xib in Resources */ = {isa = PBXBuildFile; fileRef = D29DBCDB1B9DE5D400FB3F30 /* LaunchScreen.xib */; };
		D29DBCE91B9DE5D400FB3F30 /* Fetch2EntitiesTests.m in Sources */ = {isa = PBXBuildFile; fileRef = D29DBCE81B9DE5D400FB3F30 /* Fetch2EntitiesTests.m */; };
/* End PBXBuildFile section */

/* Begin PBXContainerItemProxy section */
		D29DBCE31B9DE5D400FB3F30 /* PBXContainerItemProxy */ = {
			isa = PBXContainerItemProxy;
			containerPortal = D29DBCBB1B9DE5D300FB3F30 /* Project object */;
			proxyType = 1;
			remoteGlobalIDString = D29DBCC21B9DE5D300FB3F30;
			remoteInfo = Fetch2Entities;
		};
/* End PBXContainerItemProxy section */

/* Begin PBXFileReference section */
		D29DBCC31B9DE5D400FB3F30 /* Fetch2Entities.app */ = {isa = PBXFileReference; explicitFileType = wrapper.application; includeInIndex = 0; path = Fetch2Entities.app; sourceTree = BUILT_PRODUCTS_DIR; };
		D29DBCC71B9DE5D400FB3F30 /* Info.plist */ = {isa = PBXFileReference; lastKnownFileType = text.plist.xml; path = Info.plist; sourceTree = "<group>"; };
		D29DBCC81B9DE5D400FB3F30 /* main.m */ = {isa = PBXFileReference; lastKnownFileType = sourcecode.c.objc; path = main.m; sourceTree = "<group>"; };
		D29DBCCA1B9DE5D400FB3F30 /* AppDelegate.h */ = {isa = PBXFileReference; lastKnownFileType = sourcecode.c.h; path = AppDelegate.h; sourceTree = "<group>"; };
		D29DBCCB1B9DE5D400FB3F30 /* AppDelegate.m */ = {isa = PBXFileReference; lastKnownFileType = sourcecode.c.objc; path = AppDelegate.m; sourceTree = "<group>"; };
		D29DBCCE1B9DE5D400FB3F30 /* Fetch2Entities.xcdatamodel */ = {isa = PBXFileReference; lastKnownFileType = wrapper.xcdatamodel; path = Fetch2Entities.xcdatamodel; sourceTree = "<group>"; };
		D29DBCD01B9DE5D400FB3F30 /* MasterViewController.h */ = {isa = PBXFileReference; lastKnownFileType = sourcecode.c.h; path = MasterViewController.h; sourceTree = "<group>"; };
		D29DBCD11B9DE5D400FB3F30 /* MasterViewController.m */ = {isa = PBXFileReference; lastKnownFileType = sourcecode.c.objc; path = MasterViewController.m; sourceTree = "<group>"; };
		D29DBCD31B9DE5D400FB3F30 /* DetailViewController.h */ = {isa = PBXFileReference; lastKnownFileType = sourcecode.c.h; path = DetailViewController.h; sourceTree = "<group>"; };
		D29DBCD41B9DE5D400FB3F30 /* DetailViewController.m */ = {isa = PBXFileReference; lastKnownFileType = sourcecode.c.objc; path = DetailViewController.m; sourceTree = "<group>"; };
		D29DBCD71B9DE5D400FB3F30 /* Base */ = {isa = PBXFileReference; lastKnownFileType = file.storyboard; name = Base; path = Base.lproj/Main.storyboard; sourceTree = "<group>"; };
		D29DBCD91B9DE5D400FB3F30 /* Images.xcassets */ = {isa = PBXFileReference; lastKnownFileType = folder.assetcatalog; path = Images.xcassets; sourceTree = "<group>"; };
		D29DBCDC1B9DE5D400FB3F30 /* Base */ = {isa = PBXFileReference; lastKnownFileType = file.xib; name = Base; path = Base.lproj/LaunchScreen.xib; sourceTree = "<group>"; };
		D29DBCE21B9DE5D400FB3F30 /* Fetch2EntitiesTests.xctest */ = {isa = PBXFileReference; explicitFileType = wrapper.cfbundle; includeInIndex = 0; path = Fetch2EntitiesTests.xctest; sourceTree = BUILT_PRODUCTS_DIR; };
		D29DBCE71B9DE5D400FB3F30 /* Info.plist */ = {isa = PBXFileReference; lastKnownFileType = text.plist.xml; path = Info.plist; sourceTree = "<group>"; };
		D29DBCE81B9DE5D400FB3F30 /* Fetch2EntitiesTests.m */ = {isa = PBXFileReference; lastKnownFileType = sourcecode.c.objc; path = Fetch2EntitiesTests.m; sourceTree = "<group>"; };
/* End PBXFileReference section */

/* Begin PBXFrameworksBuildPhase section */
		D29DBCC01B9DE5D300FB3F30 /* Frameworks */ = {
			isa = PBXFrameworksBuildPhase;
			buildActionMask = 2147483647;
			files = (
			);
			runOnlyForDeploymentPostprocessing = 0;
		};
		D29DBCDF1B9DE5D400FB3F30 /* Frameworks */ = {
			isa = PBXFrameworksBuildPhase;
			buildActionMask = 2147483647;
			files = (
			);
			runOnlyForDeploymentPostprocessing = 0;
		};
/* End PBXFrameworksBuildPhase section */

/* Begin PBXGroup section */
		D29DBCBA1B9DE5D300FB3F30 = {
			isa = PBXGroup;
			children = (
				D29DBCC51B9DE5D400FB3F30 /* Fetch2Entities */,
				D29DBCE51B9DE5D400FB3F30 /* Fetch2EntitiesTests */,
				D29DBCC41B9DE5D400FB3F30 /* Products */,
			);
			sourceTree = "<group>";
		};
		D29DBCC41B9DE5D400FB3F30 /* Products */ = {
			isa = PBXGroup;
			children = (
				D29DBCC31B9DE5D400FB3F30 /* Fetch2Entities.app */,
				D29DBCE21B9DE5D400FB3F30 /* Fetch2EntitiesTests.xctest */,
			);
			name = Products;
			sourceTree = "<group>";
		};
		D29DBCC51B9DE5D400FB3F30 /* Fetch2Entities */ = {
			isa = PBXGroup;
			children = (
				D29DBCCA1B9DE5D400FB3F30 /* AppDelegate.h */,
				D29DBCCB1B9DE5D400FB3F30 /* AppDelegate.m */,
				D29DBCD01B9DE5D400FB3F30 /* MasterViewController.h */,
				D29DBCD11B9DE5D400FB3F30 /* MasterViewController.m */,
				D29DBCD31B9DE5D400FB3F30 /* DetailViewController.h */,
				D29DBCD41B9DE5D400FB3F30 /* DetailViewController.m */,
				D29DBCD61B9DE5D400FB3F30 /* Main.storyboard */,
				D29DBCD91B9DE5D400FB3F30 /* Images.xcassets */,
				D29DBCDB1B9DE5D400FB3F30 /* LaunchScreen.xib */,
				D29DBCCD1B9DE5D400FB3F30 /* Fetch2Entities.xcdatamodeld */,
				D29DBCC61B9DE5D400FB3F30 /* Supporting Files */,
			);
			path = Fetch2Entities;
			sourceTree = "<group>";
		};
		D29DBCC61B9DE5D400FB3F30 /* Supporting Files */ = {
			isa = PBXGroup;
			children = (
				D29DBCC71B9DE5D400FB3F30 /* Info.plist */,
				D29DBCC81B9DE5D400FB3F30 /* main.m */,
			);
			name = "Supporting Files";
			sourceTree = "<group>";
		};
		D29DBCE51B9DE5D400FB3F30 /* Fetch2EntitiesTests */ = {
			isa = PBXGroup;
			children = (
				D29DBCE81B9DE5D400FB3F30 /* Fetch2EntitiesTests.m */,
				D29DBCE61B9DE5D400FB3F30 /* Supporting Files */,
			);
			path = Fetch2EntitiesTests;
			sourceTree = "<group>";
		};
		D29DBCE61B9DE5D400FB3F30 /* Supporting Files */ = {
			isa = PBXGroup;
			children = (
				D29DBCE71B9DE5D400FB3F30 /* Info.plist */,
			);
			name = "Supporting Files";
			sourceTree = "<group>";
		};
/* End PBXGroup section */

/* Begin PBXNativeTarget section */
		D29DBCC21B9DE5D300FB3F30 /* Fetch2Entities */ = {
			isa = PBXNativeTarget;
			buildConfigurationList = D29DBCEC1B9DE5D400FB3F30 /* Build configuration list for PBXNativeTarget "Fetch2Entities" */;
			buildPhases = (
				D29DBCBF1B9DE5D300FB3F30 /* Sources */,
				D29DBCC01B9DE5D300FB3F30 /* Frameworks */,
				D29DBCC11B9DE5D300FB3F30 /* Resources */,
			);
			buildRules = (
			);
			dependencies = (
			);
			name = Fetch2Entities;
			productName = Fetch2Entities;
			productReference = D29DBCC31B9DE5D400FB3F30 /* Fetch2Entities.app */;
			productType = "com.apple.product-type.application";
		};
		D29DBCE11B9DE5D400FB3F30 /* Fetch2EntitiesTests */ = {
			isa = PBXNativeTarget;
			buildConfigurationList = D29DBCEF1B9DE5D400FB3F30 /* Build configuration list for PBXNativeTarget "Fetch2EntitiesTests" */;
			buildPhases = (
				D29DBCDE1B9DE5D400FB3F30 /* Sources */,
				D29DBCDF1B9DE5D400FB3F30 /* Frameworks */,
				D29DBCE01B9DE5D400FB3F30 /* Resources */,
			);
			buildRules = (
			);
			dependencies = (
				D29DBCE41B9DE5D400FB3F30 /* PBXTargetDependency */,
			);
			name = Fetch2EntitiesTests;
			productName = Fetch2EntitiesTests;
			productReference = D29DBCE21B9DE5D400FB3F30 /* Fetch2EntitiesTests.xctest */;
			productType = "com.apple.product-type.bundle.unit-test";
		};
/* End PBXNativeTarget section */

/* Begin PBXProject section */
		D29DBCBB1B9DE5D300FB3F30 /* Project object */ = {
			isa = PBXProject;
			attributes = {
				LastUpgradeCheck = 0640;
				ORGANIZATIONNAME = "Pinkstone Pictures LLC";
				TargetAttributes = {
					D29DBCC21B9DE5D300FB3F30 = {
						CreatedOnToolsVersion = 6.4;
					};
					D29DBCE11B9DE5D400FB3F30 = {
						CreatedOnToolsVersion = 6.4;
						TestTargetID = D29DBCC21B9DE5D300FB3F30;
					};
				};
			};
			buildConfigurationList = D29DBCBE1B9DE5D300FB3F30 /* Build configuration list for PBXProject "Fetch2Entities" */;
			compatibilityVersion = "Xcode 3.2";
			developmentRegion = English;
			hasScannedForEncodings = 0;
			knownRegions = (
				en,
				Base,
			);
			mainGroup = D29DBCBA1B9DE5D300FB3F30;
			productRefGroup = D29DBCC41B9DE5D400FB3F30 /* Products */;
			projectDirPath = "";
			projectRoot = "";
			targets = (
				D29DBCC21B9DE5D300FB3F30 /* Fetch2Entities */,
				D29DBCE11B9DE5D400FB3F30 /* Fetch2EntitiesTests */,
			);
		};
/* End PBXProject section */

/* Begin PBXResourcesBuildPhase section */
		D29DBCC11B9DE5D300FB3F30 /* Resources */ = {
			isa = PBXResourcesBuildPhase;
			buildActionMask = 2147483647;
			files = (
				D29DBCD81B9DE5D400FB3F30 /* Main.storyboard in Resources */,
				D29DBCDD1B9DE5D400FB3F30 /* LaunchScreen.xib in Resources */,
				D29DBCDA1B9DE5D400FB3F30 /* Images.xcassets in Resources */,
			);
			runOnlyForDeploymentPostprocessing = 0;
		};
		D29DBCE01B9DE5D400FB3F30 /* Resources */ = {
			isa = PBXResourcesBuildPhase;
			buildActionMask = 2147483647;
			files = (
			);
			runOnlyForDeploymentPostprocessing = 0;
		};
/* End PBXResourcesBuildPhase section */

/* Begin PBXSourcesBuildPhase section */
		D29DBCBF1B9DE5D300FB3F30 /* Sources */ = {
			isa = PBXSourcesBuildPhase;
			buildActionMask = 2147483647;
			files = (
				D29DBCD51B9DE5D400FB3F30 /* DetailViewController.m in Sources */,
				D29DBCD21B9DE5D400FB3F30 /* MasterViewController.m in Sources */,
				D29DBCCF1B9DE5D400FB3F30 /* Fetch2Entities.xcdatamodeld in Sources */,
				D29DBCCC1B9DE5D400FB3F30 /* AppDelegate.m in Sources */,
				D29DBCC91B9DE5D400FB3F30 /* main.m in Sources */,
			);
			runOnlyForDeploymentPostprocessing = 0;
		};
		D29DBCDE1B9DE5D400FB3F30 /* Sources */ = {
			isa = PBXSourcesBuildPhase;
			buildActionMask = 2147483647;
			files = (
				D29DBCE91B9DE5D400FB3F30 /* Fetch2EntitiesTests.m in Sources */,
			);
			runOnlyForDeploymentPostprocessing = 0;
		};
/* End PBXSourcesBuildPhase section */

/* Begin PBXTargetDependency section */
		D29DBCE41B9DE5D400FB3F30 /* PBXTargetDependency */ = {
			isa = PBXTargetDependency;
			target = D29DBCC21B9DE5D300FB3F30 /* Fetch2Entities */;
			targetProxy = D29DBCE31B9DE5D400FB3F30 /* PBXContainerItemProxy */;
		};
/* End PBXTargetDependency section */

/* Begin PBXVariantGroup section */
		D29DBCD61B9DE5D400FB3F30 /* Main.storyboard */ = {
			isa = PBXVariantGroup;
			children = (
				D29DBCD71B9DE5D400FB3F30 /* Base */,
			);
			name = Main.storyboard;
			sourceTree = "<group>";
		};
		D29DBCDB1B9DE5D400FB3F30 /* LaunchScreen.xib */ = {
			isa = PBXVariantGroup;
			children = (
				D29DBCDC1B9DE5D400FB3F30 /* Base */,
			);
			name = LaunchScreen.xib;
			sourceTree = "<group>";
		};
/* End PBXVariantGroup section */

/* Begin XCBuildConfiguration section */
		D29DBCEA1B9DE5D400FB3F30 /* Debug */ = {
			isa = XCBuildConfiguration;
			buildSettings = {
				ALWAYS_SEARCH_USER_PATHS = NO;
				CLANG_CXX_LANGUAGE_STANDARD = "gnu++0x";
				CLANG_CXX_LIBRARY = "libc++";
				CLANG_ENABLE_MODULES = YES;
				CLANG_ENABLE_OBJC_ARC = YES;
				CLANG_WARN_BOOL_CONVERSION = YES;
				CLANG_WARN_CONSTANT_CONVERSION = YES;
				CLANG_WARN_DIRECT_OBJC_ISA_USAGE = YES_ERROR;
				CLANG_WARN_EMPTY_BODY = YES;
				CLANG_WARN_ENUM_CONVERSION = YES;
				CLANG_WARN_INT_CONVERSION = YES;
				CLANG_WARN_OBJC_ROOT_CLASS = YES_ERROR;
				CLANG_WARN_UNREACHABLE_CODE = YES;
				CLANG_WARN__DUPLICATE_METHOD_MATCH = YES;
				"CODE_SIGN_IDENTITY[sdk=iphoneos*]" = "iPhone Developer";
				COPY_PHASE_STRIP = NO;
				DEBUG_INFORMATION_FORMAT = "dwarf-with-dsym";
				ENABLE_STRICT_OBJC_MSGSEND = YES;
				GCC_C_LANGUAGE_STANDARD = gnu99;
				GCC_DYNAMIC_NO_PIC = NO;
				GCC_NO_COMMON_BLOCKS = YES;
				GCC_OPTIMIZATION_LEVEL = 0;
				GCC_PREPROCESSOR_DEFINITIONS = (
					"DEBUG=1",
					"$(inherited)",
				);
				GCC_SYMBOLS_PRIVATE_EXTERN = NO;
				GCC_WARN_64_TO_32_BIT_CONVERSION = YES;
				GCC_WARN_ABOUT_RETURN_TYPE = YES_ERROR;
				GCC_WARN_UNDECLARED_SELECTOR = YES;
				GCC_WARN_UNINITIALIZED_AUTOS = YES_AGGRESSIVE;
				GCC_WARN_UNUSED_FUNCTION = YES;
				GCC_WARN_UNUSED_VARIABLE = YES;
				IPHONEOS_DEPLOYMENT_TARGET = 8.4;
				MTL_ENABLE_DEBUG_INFO = YES;
				ONLY_ACTIVE_ARCH = YES;
				SDKROOT = iphoneos;
				TARGETED_DEVICE_FAMILY = "1,2";
			};
			name = Debug;
		};
		D29DBCEB1B9DE5D400FB3F30 /* Release */ = {
			isa = XCBuildConfiguration;
			buildSettings = {
				ALWAYS_SEARCH_USER_PATHS = NO;
				CLANG_CXX_LANGUAGE_STANDARD = "gnu++0x";
				CLANG_CXX_LIBRARY = "libc++";
				CLANG_ENABLE_MODULES = YES;
				CLANG_ENABLE_OBJC_ARC = YES;
				CLANG_WARN_BOOL_CONVERSION = YES;
				CLANG_WARN_CONSTANT_CONVERSION = YES;
				CLANG_WARN_DIRECT_OBJC_ISA_USAGE = YES_ERROR;
				CLANG_WARN_EMPTY_BODY = YES;
				CLANG_WARN_ENUM_CONVERSION = YES;
				CLANG_WARN_INT_CONVERSION = YES;
				CLANG_WARN_OBJC_ROOT_CLASS = YES_ERROR;
				CLANG_WARN_UNREACHABLE_CODE = YES;
				CLANG_WARN__DUPLICATE_METHOD_MATCH = YES;
				"CODE_SIGN_IDENTITY[sdk=iphoneos*]" = "iPhone Developer";
				COPY_PHASE_STRIP = NO;
				DEBUG_INFORMATION_FORMAT = "dwarf-with-dsym";
				ENABLE_NS_ASSERTIONS = NO;
				ENABLE_STRICT_OBJC_MSGSEND = YES;
				GCC_C_LANGUAGE_STANDARD = gnu99;
				GCC_NO_COMMON_BLOCKS = YES;
				GCC_WARN_64_TO_32_BIT_CONVERSION = YES;
				GCC_WARN_ABOUT_RETURN_TYPE = YES_ERROR;
				GCC_WARN_UNDECLARED_SELECTOR = YES;
				GCC_WARN_UNINITIALIZED_AUTOS = YES_AGGRESSIVE;
				GCC_WARN_UNUSED_FUNCTION = YES;
				GCC_WARN_UNUSED_VARIABLE = YES;
				IPHONEOS_DEPLOYMENT_TARGET = 8.4;
				MTL_ENABLE_DEBUG_INFO = NO;
				SDKROOT = iphoneos;
				TARGETED_DEVICE_FAMILY = "1,2";
				VALIDATE_PRODUCT = YES;
			};
			name = Release;
		};
		D29DBCED1B9DE5D400FB3F30 /* Debug */ = {
			isa = XCBuildConfiguration;
			buildSettings = {
				ASSETCATALOG_COMPILER_APPICON_NAME = AppIcon;
				INFOPLIST_FILE = Fetch2Entities/Info.plist;
				LD_RUNPATH_SEARCH_PATHS = "$(inherited) @executable_path/Frameworks";
				PRODUCT_NAME = "$(TARGET_NAME)";
			};
			name = Debug;
		};
		D29DBCEE1B9DE5D400FB3F30 /* Release */ = {
			isa = XCBuildConfiguration;
			buildSettings = {
				ASSETCATALOG_COMPILER_APPICON_NAME = AppIcon;
				INFOPLIST_FILE = Fetch2Entities/Info.plist;
				LD_RUNPATH_SEARCH_PATHS = "$(inherited) @executable_path/Frameworks";
				PRODUCT_NAME = "$(TARGET_NAME)";
			};
			name = Release;
		};
		D29DBCF01B9DE5D400FB3F30 /* Debug */ = {
			isa = XCBuildConfiguration;
			buildSettings = {
				BUNDLE_LOADER = "$(TEST_HOST)";
				FRAMEWORK_SEARCH_PATHS = (
					"$(SDKROOT)/Developer/Library/Frameworks",
					"$(inherited)",
				);
				GCC_PREPROCESSOR_DEFINITIONS = (
					"DEBUG=1",
					"$(inherited)",
				);
				INFOPLIST_FILE = Fetch2EntitiesTests/Info.plist;
				LD_RUNPATH_SEARCH_PATHS = "$(inherited) @executable_path/Frameworks @loader_path/Frameworks";
				PRODUCT_NAME = "$(TARGET_NAME)";
				TEST_HOST = "$(BUILT_PRODUCTS_DIR)/Fetch2Entities.app/Fetch2Entities";
			};
			name = Debug;
		};
		D29DBCF11B9DE5D400FB3F30 /* Release */ = {
			isa = XCBuildConfiguration;
			buildSettings = {
				BUNDLE_LOADER = "$(TEST_HOST)";
				FRAMEWORK_SEARCH_PATHS = (
					"$(SDKROOT)/Developer/Library/Frameworks",
					"$(inherited)",
				);
				INFOPLIST_FILE = Fetch2EntitiesTests/Info.plist;
				LD_RUNPATH_SEARCH_PATHS = "$(inherited) @executable_path/Frameworks @loader_path/Frameworks";
				PRODUCT_NAME = "$(TARGET_NAME)";
				TEST_HOST = "$(BUILT_PRODUCTS_DIR)/Fetch2Entities.app/Fetch2Entities";
			};
			name = Release;
		};
/* End XCBuildConfiguration section */

/* Begin XCConfigurationList section */
		D29DBCBE1B9DE5D300FB3F30 /* Build configuration list for PBXProject "Fetch2Entities" */ = {
			isa = XCConfigurationList;
			buildConfigurations = (
				D29DBCEA1B9DE5D400FB3F30 /* Debug */,
				D29DBCEB1B9DE5D400FB3F30 /* Release */,
			);
			defaultConfigurationIsVisible = 0;
			defaultConfigurationName = Release;
		};
		D29DBCEC1B9DE5D400FB3F30 /* Build configuration list for PBXNativeTarget "Fetch2Entities" */ = {
			isa = XCConfigurationList;
			buildConfigurations = (
				D29DBCED1B9DE5D400FB3F30 /* Debug */,
				D29DBCEE1B9DE5D400FB3F30 /* Release */,
			);
			defaultConfigurationIsVisible = 0;
		};
		D29DBCEF1B9DE5D400FB3F30 /* Build configuration list for PBXNativeTarget "Fetch2EntitiesTests" */ = {
			isa = XCConfigurationList;
			buildConfigurations = (
				D29DBCF01B9DE5D400FB3F30 /* Debug */,
				D29DBCF11B9DE5D400FB3F30 /* Release */,
			);
			defaultConfigurationIsVisible = 0;
		};
/* End XCConfigurationList section */

/* Begin XCVersionGroup section */
		D29DBCCD1B9DE5D400FB3F30 /* Fetch2Entities.xcdatamodeld */ = {
			isa = XCVersionGroup;
			children = (
				D29DBCCE1B9DE5D400FB3F30 /* Fetch2Entities.xcdatamodel */,
			);
			currentVersion = D29DBCCE1B9DE5D400FB3F30 /* Fetch2Entities.xcdatamodel */;
			path = Fetch2Entities.xcdatamodeld;
			sourceTree = "<group>";
			versionGroupType = wrapper.xcdatamodel;
		};
/* End XCVersionGroup section */
	};
	rootObject = D29DBCBB1B9DE5D300FB3F30 /* Project object */;
}
